
Microsoft Visual Studio Solution File, Format Version 12.00
# Visual Studio Version 17
VisualStudioVersion = 17.5.33530.505
MinimumVisualStudioVersion = 10.0.40219.1
Project("{FAE04EC0-301F-11D3-BF4B-00C04F79EFBC}") = "Robots", "Robots.csproj", "{96B101ED-BAFE-4ACC-91BD-FB861313EAC4}"
EndProject
Global
	GlobalSection(SolutionConfigurationPlatforms) = preSolution
		Debug|Any CPU = Debug|Any CPU
		Release|Any CPU = Release|Any CPU
	EndGlobalSection
	GlobalSection(ProjectConfigurationPlatforms) = postSolution
		{96B101ED-BAFE-4ACC-91BD-FB861313EAC4}.Debug|Any CPU.ActiveCfg = Debug|Any CPU
		{96B101ED-BAFE-4ACC-91BD-FB861313EAC4}.Debug|Any CPU.Build.0 = Debug|Any CPU
		{96B101ED-BAFE-4ACC-91BD-FB861313EAC4}.Release|Any CPU.ActiveCfg = Release|Any CPU
		{96B101ED-BAFE-4ACC-91BD-FB861313EAC4}.Release|Any CPU.Build.0 = Release|Any CPU
	EndGlobalSection
	GlobalSection(SolutionProperties) = preSolution
		HideSolutionNode = FALSE
	EndGlobalSection
	GlobalSection(ExtensibilityGlobals) = postSolution
		SolutionGuid = {FCCD823D-602F-4D19-8DCB-EB138B25EF92}
	EndGlobalSection
EndGlobal
